{
  "object": {
    "pins": [
      {
        "package": "Curry",
        "repositoryURL": "https://github.com/thoughtbot/Curry.git",
        "state": {
          "branch": null,
          "revision": "c9f1a37e0e12ad38af7933b9386bdc5f9e6222dc",
          "version": "3.0.0"
        }
      },
      {
        "package": "Mozart",
        "repositoryURL": "git@github.com:gfontenot/Mozart.git",
        "state": {
          "branch": "swift-4",
          "revision": "055c7c92eed95d6d11861f62e3bbf463fefe088e",
          "version": null
        }
      },
      {
        "package": "Runes",
        "repositoryURL": "https://github.com/thoughtbot/Runes.git",
        "state": {
          "branch": "swift-4",
          "revision": "727fcfe8d79ec92ce989a96329147190d20f7cd2",
          "version": null
        }
      },
      {
        "package": "SwiftCheck",
        "repositoryURL": "git@github.com:CodaFi/SwiftCheck.git",
        "state": {
          "branch": "four-parts-unknown",
          "revision": "cbe4b7926044c09230ae13b09241c3d6d43d8d7b",
          "version": null
        }
      }
    ]
  },
  "version": 1
}
